{
  "requires": true,
  "lockfileVersion": 1,
  "dependencies": {
    "timer": {
      "version": "1.0.1",
      "resolved": "https://registry.npmjs.org/timer/-/timer-1.0.1.tgz",
      "integrity": "sha512-sTkUaUaW3qc2aklbIkGYKPX4S4M5oneaIFroi/igorM+vSmKCBYwkfEjBK7bdgrStdR+M0GFgeGnxTG1FtJZ/w=="
    },
    "timers": {
      "version": "0.1.1",
      "resolved": "https://registry.npmjs.org/timers/-/timers-0.1.1.tgz",
      "integrity": "sha1-hqxceMHuQZaU81pY3k/UGDz7nB4="
    }
  }
}
